// !$*UTF8*$!
{
	archiveVersion = 1;
	classes = {
	};
	objectVersion = 46;
	objects = {

/* Begin PBXBuildFile section */
		042EF7803AFA59764A3B443A /* Pods_ToDoFirebase.framework in Frameworks */ = {isa = PBXBuildFile; fileRef = EFAE91904882231523AE2D47 /* Pods_ToDoFirebase.framework */; };
		A5212FE41DB306220005DF33 /* ImageViewExtension.swift in Sources */ = {isa = PBXBuildFile; fileRef = A5212FE31DB306220005DF33 /* ImageViewExtension.swift */; };
		A57883D61DB4503900BC48DA /* Item.swift in Sources */ = {isa = PBXBuildFile; fileRef = A57883D51DB4503900BC48DA /* Item.swift */; };
		A59AE70B1DAE7E65000655AC /* LoginViewController.swift in Sources */ = {isa = PBXBuildFile; fileRef = A59AE70A1DAE7E65000655AC /* LoginViewController.swift */; };
		A59AE70D1DAE7E78000655AC /* SignUpViewController.swift in Sources */ = {isa = PBXBuildFile; fileRef = A59AE70C1DAE7E78000655AC /* SignUpViewController.swift */; };
		A59AE70F1DAE8AAA000655AC /* GoogleService-Info.plist in Resources */ = {isa = PBXBuildFile; fileRef = A59AE70E1DAE8AAA000655AC /* GoogleService-Info.plist */; };
		A59AE7111DAEE11E000655AC /* AddItemViewController.swift in Sources */ = {isa = PBXBuildFile; fileRef = A59AE7101DAEE11E000655AC /* AddItemViewController.swift */; };
		AF5031711D99A7C400864762 /* AppDelegate.swift in Sources */ = {isa = PBXBuildFile; fileRef = AF5031701D99A7C400864762 /* AppDelegate.swift */; };
		AF5031731D99A7C400864762 /* ViewController.swift in Sources */ = {isa = PBXBuildFile; fileRef = AF5031721D99A7C400864762 /* ViewController.swift */; };
		AF5031761D99A7C400864762 /* Main.storyboard in Resources */ = {isa = PBXBuildFile; fileRef = AF5031741D99A7C400864762 /* Main.storyboard */; };
		AF5031781D99A7C400864762 /* Assets.xcassets in Resources */ = {isa = PBXBuildFile; fileRef = AF5031771D99A7C400864762 /* Assets.xcassets */; };
		AF50317B1D99A7C400864762 /* LaunchScreen.storyboard in Resources */ = {isa = PBXBuildFile; fileRef = AF5031791D99A7C400864762 /* LaunchScreen.storyboard */; };
/* End PBXBuildFile section */

/* Begin PBXFileReference section */
		9C70FCDB82F3FD55C26EA058 /* Pods-ToDoFirebase.debug.xcconfig */ = {isa = PBXFileReference; includeInIndex = 1; lastKnownFileType = text.xcconfig; name = "Pods-ToDoFirebase.debug.xcconfig"; path = "Pods/Target Support Files/Pods-ToDoFirebase/Pods-ToDoFirebase.debug.xcconfig"; sourceTree = "<group>"; };
		A5212FE31DB306220005DF33 /* ImageViewExtension.swift */ = {isa = PBXFileReference; fileEncoding = 4; lastKnownFileType = sourcecode.swift; path = ImageViewExtension.swift; sourceTree = "<group>"; };
		A57883D51DB4503900BC48DA /* Item.swift */ = {isa = PBXFileReference; fileEncoding = 4; lastKnownFileType = sourcecode.swift; path = Item.swift; sourceTree = "<group>"; };
		A59AE70A1DAE7E65000655AC /* LoginViewController.swift */ = {isa = PBXFileReference; fileEncoding = 4; lastKnownFileType = sourcecode.swift; path = LoginViewController.swift; sourceTree = "<group>"; };
		A59AE70C1DAE7E78000655AC /* SignUpViewController.swift */ = {isa = PBXFileReference; fileEncoding = 4; lastKnownFileType = sourcecode.swift; path = SignUpViewController.swift; sourceTree = "<group>"; };
		A59AE70E1DAE8AAA000655AC /* GoogleService-Info.plist */ = {isa = PBXFileReference; fileEncoding = 4; lastKnownFileType = text.plist.xml; path = "GoogleService-Info.plist"; sourceTree = "<group>"; };
		A59AE7101DAEE11E000655AC /* AddItemViewController.swift */ = {isa = PBXFileReference; fileEncoding = 4; lastKnownFileType = sourcecode.swift; path = AddItemViewController.swift; sourceTree = "<group>"; };
		AF50316D1D99A7C400864762 /* ToDoFirebase.app */ = {isa = PBXFileReference; explicitFileType = wrapper.application; includeInIndex = 0; path = ToDoFirebase.app; sourceTree = BUILT_PRODUCTS_DIR; };
		AF5031701D99A7C400864762 /* AppDelegate.swift */ = {isa = PBXFileReference; lastKnownFileType = sourcecode.swift; path = AppDelegate.swift; sourceTree = "<group>"; };
		AF5031721D99A7C400864762 /* ViewController.swift */ = {isa = PBXFileReference; lastKnownFileType = sourcecode.swift; path = ViewController.swift; sourceTree = "<group>"; };
		AF5031751D99A7C400864762 /* Base */ = {isa = PBXFileReference; lastKnownFileType = file.storyboard; name = Base; path = Base.lproj/Main.storyboard; sourceTree = "<group>"; };
		AF5031771D99A7C400864762 /* Assets.xcassets */ = {isa = PBXFileReference; lastKnownFileType = folder.assetcatalog; path = Assets.xcassets; sourceTree = "<group>"; };
		AF50317A1D99A7C400864762 /* Base */ = {isa = PBXFileReference; lastKnownFileType = file.storyboard; name = Base; path = Base.lproj/LaunchScreen.storyboard; sourceTree = "<group>"; };
		AF50317C1D99A7C400864762 /* Info.plist */ = {isa = PBXFileReference; lastKnownFileType = text.plist.xml; path = Info.plist; sourceTree = "<group>"; };
		BA94E55A772DB867BD7274DF /* Pods-ToDoFirebase.release.xcconfig */ = {isa = PBXFileReference; includeInIndex = 1; lastKnownFileType = text.xcconfig; name = "Pods-ToDoFirebase.release.xcconfig"; path = "Pods/Target Support Files/Pods-ToDoFirebase/Pods-ToDoFirebase.release.xcconfig"; sourceTree = "<group>"; };
		EFAE91904882231523AE2D47 /* Pods_ToDoFirebase.framework */ = {isa = PBXFileReference; explicitFileType = wrapper.framework; includeInIndex = 0; path = Pods_ToDoFirebase.framework; sourceTree = BUILT_PRODUCTS_DIR; };
/* End PBXFileReference section */

/* Begin PBXFrameworksBuildPhase section */
		AF50316A1D99A7C300864762 /* Frameworks */ = {
			isa = PBXFrameworksBuildPhase;
			buildActionMask = 2147483647;
			files = (
				042EF7803AFA59764A3B443A /* Pods_ToDoFirebase.framework in Frameworks */,
			);
			runOnlyForDeploymentPostprocessing = 0;
		};
/* End PBXFrameworksBuildPhase section */

/* Begin PBXGroup section */
		5763F32B301BCA34CF84706A /* Pods */ = {
			isa = PBXGroup;
			children = (
				9C70FCDB82F3FD55C26EA058 /* Pods-ToDoFirebase.debug.xcconfig */,
				BA94E55A772DB867BD7274DF /* Pods-ToDoFirebase.release.xcconfig */,
			);
			name = Pods;
			sourceTree = "<group>";
		};
		AF5031641D99A7C300864762 = {
			isa = PBXGroup;
			children = (
				AF50316F1D99A7C400864762 /* ToDoFirebase */,
				AF50316E1D99A7C400864762 /* Products */,
				5763F32B301BCA34CF84706A /* Pods */,
				F0029FC76C692BC09179D071 /* Frameworks */,
			);
			sourceTree = "<group>";
		};
		AF50316E1D99A7C400864762 /* Products */ = {
			isa = PBXGroup;
			children = (
				AF50316D1D99A7C400864762 /* ToDoFirebase.app */,
			);
			name = Products;
			sourceTree = "<group>";
		};
		AF50316F1D99A7C400864762 /* ToDoFirebase */ = {
			isa = PBXGroup;
			children = (
				AF5031701D99A7C400864762 /* AppDelegate.swift */,
				AF5031741D99A7C400864762 /* Main.storyboard */,
				AF5031771D99A7C400864762 /* Assets.xcassets */,
				AF5031791D99A7C400864762 /* LaunchScreen.storyboard */,
				AF50317C1D99A7C400864762 /* Info.plist */,
				A59AE70A1DAE7E65000655AC /* LoginViewController.swift */,
				A59AE70C1DAE7E78000655AC /* SignUpViewController.swift */,
				A59AE70E1DAE8AAA000655AC /* GoogleService-Info.plist */,
				A59AE7101DAEE11E000655AC /* AddItemViewController.swift */,
				AF5031721D99A7C400864762 /* ViewController.swift */,
				A5212FE31DB306220005DF33 /* ImageViewExtension.swift */,
				A57883D51DB4503900BC48DA /* Item.swift */,
			);
			path = ToDoFirebase;
			sourceTree = "<group>";
		};
		F0029FC76C692BC09179D071 /* Frameworks */ = {
			isa = PBXGroup;
			children = (
				EFAE91904882231523AE2D47 /* Pods_ToDoFirebase.framework */,
			);
			name = Frameworks;
			sourceTree = "<group>";
		};
/* End PBXGroup section */

/* Begin PBXNativeTarget section */
		AF50316C1D99A7C300864762 /* ToDoFirebase */ = {
			isa = PBXNativeTarget;
			buildConfigurationList = AF50317F1D99A7C400864762 /* Build configuration list for PBXNativeTarget "ToDoFirebase" */;
			buildPhases = (
				3526E8646B48C356132BEEB5 /* [CP] Check Pods Manifest.lock */,
				AF5031691D99A7C300864762 /* Sources */,
				AF50316A1D99A7C300864762 /* Frameworks */,
				AF50316B1D99A7C300864762 /* Resources */,
				C9BB835D7680CBF0C473E180 /* [CP] Embed Pods Frameworks */,
				FB77567B677202E66C404D85 /* [CP] Copy Pods Resources */,
			);
			buildRules = (
			);
			dependencies = (
			);
			name = ToDoFirebase;
			productName = ToDoFirebase;
			productReference = AF50316D1D99A7C400864762 /* ToDoFirebase.app */;
			productType = "com.apple.product-type.application";
		};
/* End PBXNativeTarget section */

/* Begin PBXProject section */
		AF5031651D99A7C300864762 /* Project object */ = {
			isa = PBXProject;
			attributes = {
				LastSwiftUpdateCheck = 0800;
				LastUpgradeCheck = 0800;
				ORGANIZATIONNAME = Infnet;
				TargetAttributes = {
					AF50316C1D99A7C300864762 = {
						CreatedOnToolsVersion = 8.0;
						LastSwiftMigration = 0800;
						ProvisioningStyle = Automatic;
					};
				};
			};
			buildConfigurationList = AF5031681D99A7C300864762 /* Build configuration list for PBXProject "ToDoFirebase" */;
			compatibilityVersion = "Xcode 3.2";
			developmentRegion = English;
			hasScannedForEncodings = 0;
			knownRegions = (
				en,
				Base,
			);
			mainGroup = AF5031641D99A7C300864762;
			productRefGroup = AF50316E1D99A7C400864762 /* Products */;
			projectDirPath = "";
			projectRoot = "";
			targets = (
				AF50316C1D99A7C300864762 /* ToDoFirebase */,
			);
		};
/* End PBXProject section */

/* Begin PBXResourcesBuildPhase section */
		AF50316B1D99A7C300864762 /* Resources */ = {
			isa = PBXResourcesBuildPhase;
			buildActionMask = 2147483647;
			files = (
				AF50317B1D99A7C400864762 /* LaunchScreen.storyboard in Resources */,
				A59AE70F1DAE8AAA000655AC /* GoogleService-Info.plist in Resources */,
				AF5031781D99A7C400864762 /* Assets.xcassets in Resources */,
				AF5031761D99A7C400864762 /* Main.storyboard in Resources */,
			);
			runOnlyForDeploymentPostprocessing = 0;
		};
/* End PBXResourcesBuildPhase section */

/* Begin PBXShellScriptBuildPhase section */
		3526E8646B48C356132BEEB5 /* [CP] Check Pods Manifest.lock */ = {
			isa = PBXShellScriptBuildPhase;
			buildActionMask = 2147483647;
			files = (
			);
			inputPaths = (
			);
			name = "[CP] Check Pods Manifest.lock";
			outputPaths = (
			);
			runOnlyForDeploymentPostprocessing = 0;
			shellPath = /bin/sh;
			shellScript = "diff \"${PODS_ROOT}/../Podfile.lock\" \"${PODS_ROOT}/Manifest.lock\" > /dev/null\nif [[ $? != 0 ]] ; then\n    cat << EOM\nerror: The sandbox is not in sync with the Podfile.lock. Run 'pod install' or update your CocoaPods installation.\nEOM\n    exit 1\nfi\n";
			showEnvVarsInLog = 0;
		};
		C9BB835D7680CBF0C473E180 /* [CP] Embed Pods Frameworks */ = {
			isa = PBXShellScriptBuildPhase;
			buildActionMask = 2147483647;
			files = (
			);
			inputPaths = (
			);
			name = "[CP] Embed Pods Frameworks";
			outputPaths = (
			);
			runOnlyForDeploymentPostprocessing = 0;
			shellPath = /bin/sh;
			shellScript = "\"${SRCROOT}/Pods/Target Support Files/Pods-ToDoFirebase/Pods-ToDoFirebase-frameworks.sh\"\n";
			showEnvVarsInLog = 0;
		};
		FB77567B677202E66C404D85 /* [CP] Copy Pods Resources */ = {
			isa = PBXShellScriptBuildPhase;
			buildActionMask = 2147483647;
			files = (
			);
			inputPaths = (
			);
			name = "[CP] Copy Pods Resources";
			outputPaths = (
			);
			runOnlyForDeploymentPostprocessing = 0;
			shellPath = /bin/sh;
			shellScript = "\"${SRCROOT}/Pods/Target Support Files/Pods-ToDoFirebase/Pods-ToDoFirebase-resources.sh\"\n";
			showEnvVarsInLog = 0;
		};
/* End PBXShellScriptBuildPhase section */

/* Begin PBXSourcesBuildPhase section */
		AF5031691D99A7C300864762 /* Sources */ = {
			isa = PBXSourcesBuildPhase;
			buildActionMask = 2147483647;
			files = (
				A59AE7111DAEE11E000655AC /* AddItemViewController.swift in Sources */,
				A59AE70B1DAE7E65000655AC /* LoginViewController.swift in Sources */,
				AF5031731D99A7C400864762 /* ViewController.swift in Sources */,
				A59AE70D1DAE7E78000655AC /* SignUpViewController.swift in Sources */,
				A57883D61DB4503900BC48DA /* Item.swift in Sources */,
				A5212FE41DB306220005DF33 /* ImageViewExtension.swift in Sources */,
				AF5031711D99A7C400864762 /* AppDelegate.swift in Sources */,
			);
			runOnlyForDeploymentPostprocessing = 0;
		};
/* End PBXSourcesBuildPhase section */

/* Begin PBXVariantGroup section */
		AF5031741D99A7C400864762 /* Main.storyboard */ = {
			isa = PBXVariantGroup;
			children = (
				AF5031751D99A7C400864762 /* Base */,
			);
			name = Main.storyboard;
			sourceTree = "<group>";
		};
		AF5031791D99A7C400864762 /* LaunchScreen.storyboard */ = {
			isa = PBXVariantGroup;
			children = (
				AF50317A1D99A7C400864762 /* Base */,
			);
			name = LaunchScreen.storyboard;
			sourceTree = "<group>";
		};
/* End PBXVariantGroup section */

/* Begin XCBuildConfiguration section */
		AF50317D1D99A7C400864762 /* Debug */ = {
			isa = XCBuildConfiguration;
			buildSettings = {
				ALWAYS_SEARCH_USER_PATHS = NO;
				CLANG_ANALYZER_NONNULL = YES;
				CLANG_CXX_LANGUAGE_STANDARD = "gnu++0x";
				CLANG_CXX_LIBRARY = "libc++";
				CLANG_ENABLE_MODULES = YES;
				CLANG_ENABLE_OBJC_ARC = YES;
				CLANG_WARN_BOOL_CONVERSION = YES;
				CLANG_WARN_CONSTANT_CONVERSION = YES;
				CLANG_WARN_DIRECT_OBJC_ISA_USAGE = YES_ERROR;
				CLANG_WARN_DOCUMENTATION_COMMENTS = YES;
				CLANG_WARN_EMPTY_BODY = YES;
				CLANG_WARN_ENUM_CONVERSION = YES;
				CLANG_WARN_INFINITE_RECURSION = YES;
				CLANG_WARN_INT_CONVERSION = YES;
				CLANG_WARN_OBJC_ROOT_CLASS = YES_ERROR;
				CLANG_WARN_SUSPICIOUS_MOVE = YES;
				CLANG_WARN_SUSPICIOUS_MOVES = YES;
				CLANG_WARN_UNREACHABLE_CODE = YES;
				CLANG_WARN__DUPLICATE_METHOD_MATCH = YES;
				"CODE_SIGN_IDENTITY[sdk=iphoneos*]" = "iPhone Developer";
				COPY_PHASE_STRIP = NO;
				DEBUG_INFORMATION_FORMAT = dwarf;
				ENABLE_STRICT_OBJC_MSGSEND = YES;
				ENABLE_TESTABILITY = YES;
				GCC_C_LANGUAGE_STANDARD = gnu99;
				GCC_DYNAMIC_NO_PIC = NO;
				GCC_NO_COMMON_BLOCKS = YES;
				GCC_OPTIMIZATION_LEVEL = 0;
				GCC_PREPROCESSOR_DEFINITIONS = (
					"DEBUG=1",
					"$(inherited)",
				);
				GCC_WARN_64_TO_32_BIT_CONVERSION = YES;
				GCC_WARN_ABOUT_RETURN_TYPE = YES_ERROR;
				GCC_WARN_UNDECLARED_SELECTOR = YES;
				GCC_WARN_UNINITIALIZED_AUTOS = YES_AGGRESSIVE;
				GCC_WARN_UNUSED_FUNCTION = YES;
				GCC_WARN_UNUSED_VARIABLE = YES;
				IPHONEOS_DEPLOYMENT_TARGET = 10.0;
				MTL_ENABLE_DEBUG_INFO = YES;
				ONLY_ACTIVE_ARCH = YES;
				SDKROOT = iphoneos;
				SWIFT_ACTIVE_COMPILATION_CONDITIONS = DEBUG;
				SWIFT_OPTIMIZATION_LEVEL = "-Onone";
				TARGETED_DEVICE_FAMILY = "1,2";
			};
			name = Debug;
		};
		AF50317E1D99A7C400864762 /* Release */ = {
			isa = XCBuildConfiguration;
			buildSettings = {
				ALWAYS_SEARCH_USER_PATHS = NO;
				CLANG_ANALYZER_NONNULL = YES;
				CLANG_CXX_LANGUAGE_STANDARD = "gnu++0x";
				CLANG_CXX_LIBRARY = "libc++";
				CLANG_ENABLE_MODULES = YES;
				CLANG_ENABLE_OBJC_ARC = YES;
				CLANG_WARN_BOOL_CONVERSION = YES;
				CLANG_WARN_CONSTANT_CONVERSION = YES;
				CLANG_WARN_DIRECT_OBJC_ISA_USAGE = YES_ERROR;
				CLANG_WARN_DOCUMENTATION_COMMENTS = YES;
				CLANG_WARN_EMPTY_BODY = YES;
				CLANG_WARN_ENUM_CONVERSION = YES;
				CLANG_WARN_INFINITE_RECURSION = YES;
				CLANG_WARN_INT_CONVERSION = YES;
				CLANG_WARN_OBJC_ROOT_CLASS = YES_ERROR;
				CLANG_WARN_SUSPICIOUS_MOVE = YES;
				CLANG_WARN_SUSPICIOUS_MOVES = YES;
				CLANG_WARN_UNREACHABLE_CODE = YES;
				CLANG_WARN__DUPLICATE_METHOD_MATCH = YES;
				"CODE_SIGN_IDENTITY[sdk=iphoneos*]" = "iPhone Developer";
				COPY_PHASE_STRIP = NO;
				DEBUG_INFORMATION_FORMAT = "dwarf-with-dsym";
				ENABLE_NS_ASSERTIONS = NO;
				ENABLE_STRICT_OBJC_MSGSEND = YES;
				GCC_C_LANGUAGE_STANDARD = gnu99;
				GCC_NO_COMMON_BLOCKS = YES;
				GCC_WARN_64_TO_32_BIT_CONVERSION = YES;
				GCC_WARN_ABOUT_RETURN_TYPE = YES_ERROR;
				GCC_WARN_UNDECLARED_SELECTOR = YES;
				GCC_WARN_UNINITIALIZED_AUTOS = YES_AGGRESSIVE;
				GCC_WARN_UNUSED_FUNCTION = YES;
				GCC_WARN_UNUSED_VARIABLE = YES;
				IPHONEOS_DEPLOYMENT_TARGET = 10.0;
				MTL_ENABLE_DEBUG_INFO = NO;
				SDKROOT = iphoneos;
				SWIFT_OPTIMIZATION_LEVEL = "-Owholemodule";
				TARGETED_DEVICE_FAMILY = "1,2";
				VALIDATE_PRODUCT = YES;
			};
			name = Release;
		};
		AF5031801D99A7C400864762 /* Debug */ = {
			isa = XCBuildConfiguration;
			baseConfigurationReference = 9C70FCDB82F3FD55C26EA058 /* Pods-ToDoFirebase.debug.xcconfig */;
			buildSettings = {
				ALWAYS_EMBED_SWIFT_STANDARD_LIBRARIES = YES;
				ASSETCATALOG_COMPILER_APPICON_NAME = AppIcon;
				INFOPLIST_FILE = ToDoFirebase/Info.plist;
				LD_RUNPATH_SEARCH_PATHS = "$(inherited) @executable_path/Frameworks";
				PRODUCT_BUNDLE_IDENTIFIER = br.edu.infnet.ToDoFirebase;
				PRODUCT_NAME = "$(TARGET_NAME)";
				SWIFT_VERSION = 3.0;
			};
			name = Debug;
		};
		AF5031811D99A7C400864762 /* Release */ = {
			isa = XCBuildConfiguration;
			baseConfigurationReference = BA94E55A772DB867BD7274DF /* Pods-ToDoFirebase.release.xcconfig */;
			buildSettings = {
				ALWAYS_EMBED_SWIFT_STANDARD_LIBRARIES = YES;
				ASSETCATALOG_COMPILER_APPICON_NAME = AppIcon;
				INFOPLIST_FILE = ToDoFirebase/Info.plist;
				LD_RUNPATH_SEARCH_PATHS = "$(inherited) @executable_path/Frameworks";
				PRODUCT_BUNDLE_IDENTIFIER = br.edu.infnet.ToDoFirebase;
				PRODUCT_NAME = "$(TARGET_NAME)";
				SWIFT_VERSION = 3.0;
			};
			name = Release;
		};
/* End XCBuildConfiguration section */

/* Begin XCConfigurationList section */
		AF5031681D99A7C300864762 /* Build configuration list for PBXProject "ToDoFirebase" */ = {
			isa = XCConfigurationList;
			buildConfigurations = (
				AF50317D1D99A7C400864762 /* Debug */,
				AF50317E1D99A7C400864762 /* Release */,
			);
			defaultConfigurationIsVisible = 0;
			defaultConfigurationName = Release;
		};
		AF50317F1D99A7C400864762 /* Build configuration list for PBXNativeTarget "ToDoFirebase" */ = {
			isa = XCConfigurationList;
			buildConfigurations = (
				AF5031801D99A7C400864762 /* Debug */,
				AF5031811D99A7C400864762 /* Release */,
			);
			defaultConfigurationIsVisible = 0;
			defaultConfigurationName = Release;
		};
/* End XCConfigurationList section */
	};
	rootObject = AF5031651D99A7C300864762 /* Project object */;
}
